{"1.2.0",
[{<<"cowboy">>,{pkg,<<"cowboy">>,<<"2.7.0">>},0},
 {<<"cowlib">>,{pkg,<<"cowlib">>,<<"2.8.0">>},1},
 {<<"ranch">>,{pkg,<<"ranch">>,<<"1.7.0">>},0}]}.
[
{pkg_hash,[
 {<<"cowboy">>, <<"91ED100138A764355F43316B1D23D7FF6BDB0DE4EA618CB5D8677C93A7A2F115">>},
 {<<"cowlib">>, <<"FD0FF1787DB84AC415B8211573E9A30A3EBE71B5CBFF7F720089972B2319C8A4">>},
 {<<"ranch">>, <<"9583F47160CA62AF7F8D5DB11454068EAA32B56EEADF984D4F46E61A076DF5F2">>}]},
{pkg_hash_ext,[
 {<<"cowboy">>, <<"04FD8C6A39EDC6AAA9C26123009200FC61F92A3A94F3178C527B70B767C6E605">>},
 {<<"cowlib">>, <<"79F954A7021B302186A950A32869DBC185523D99D3E44CE430CD1F3289F41ED4">>},
 {<<"ranch">>, <<"59F7501C3A56125B2FC5684C3048FAC9D043C0BF4D173941B12CA927949AF189">>}]}
].
